// !$*UTF8*$!
{
	archiveVersion = 1;
	classes = {
	};
	objectVersion = 52;
	objects = {

/* Begin PBXBuildFile section */
		379FA38A23C8B78C00F30505 /* main.swift in Sources */ = {isa = PBXBuildFile; fileRef = 379FA38923C8B78C00F30505 /* main.swift */; };
		379FA39323C8BFEC00F30505 /* Spectrogram.swift in Sources */ = {isa = PBXBuildFile; fileRef = 379FA39223C8BFEC00F30505 /* Spectrogram.swift */; };
		379FA39523C8D88100F30505 /* DataLoader.swift in Sources */ = {isa = PBXBuildFile; fileRef = 379FA39423C8D88100F30505 /* DataLoader.swift */; };
		379FA39D23C8F32400F30505 /* Extensions.swift in Sources */ = {isa = PBXBuildFile; fileRef = 379FA39C23C8F32400F30505 /* Extensions.swift */; };
		379FA39F23C8F35F00F30505 /* FFT.swift in Sources */ = {isa = PBXBuildFile; fileRef = 379FA39E23C8F35F00F30505 /* FFT.swift */; };
		379FA3A123C8F3A100F30505 /* Rescale.swift in Sources */ = {isa = PBXBuildFile; fileRef = 379FA3A023C8F3A100F30505 /* Rescale.swift */; };
		379FA3C223C9612A00F30505 /* SwiftImage in Frameworks */ = {isa = PBXBuildFile; productRef = 379FA3C123C9612A00F30505 /* SwiftImage */; };
		379FA3C423C9676500F30505 /* ImageUtils.swift in Sources */ = {isa = PBXBuildFile; fileRef = 379FA3C323C9676400F30505 /* ImageUtils.swift */; };
		379FA3C623CA7F8200F30505 /* ArgParser.swift in Sources */ = {isa = PBXBuildFile; fileRef = 379FA3C523CA7F8200F30505 /* ArgParser.swift */; };
/* End PBXBuildFile section */

/* Begin PBXContainerItemProxy section */
		379FA3AF23C960A100F30505 /* PBXContainerItemProxy */ = {
			isa = PBXContainerItemProxy;
			containerPortal = 379FA3A523C960A100F30505 /* SwiftImage.xcodeproj */;
			proxyType = 2;
			remoteGlobalIDString = D6134A0E1F85226C005592A2;
			remoteInfo = "SwiftImage-iOS";
		};
		379FA3B123C960A100F30505 /* PBXContainerItemProxy */ = {
			isa = PBXContainerItemProxy;
			containerPortal = 379FA3A523C960A100F30505 /* SwiftImage.xcodeproj */;
			proxyType = 2;
			remoteGlobalIDString = D6134A171F85226D005592A2;
			remoteInfo = "SwiftImageTests-iOS";
		};
		379FA3B323C960A100F30505 /* PBXContainerItemProxy */ = {
			isa = PBXContainerItemProxy;
			containerPortal = 379FA3A523C960A100F30505 /* SwiftImage.xcodeproj */;
			proxyType = 2;
			remoteGlobalIDString = D6134A601F852C80005592A2;
			remoteInfo = "SwiftImage-macOS";
		};
		379FA3B523C960A100F30505 /* PBXContainerItemProxy */ = {
			isa = PBXContainerItemProxy;
			containerPortal = 379FA3A523C960A100F30505 /* SwiftImage.xcodeproj */;
			proxyType = 2;
			remoteGlobalIDString = D6134A681F852C80005592A2;
			remoteInfo = "SwiftImageTests-macOS";
		};
		379FA3B723C960A100F30505 /* PBXContainerItemProxy */ = {
			isa = PBXContainerItemProxy;
			containerPortal = 379FA3A523C960A100F30505 /* SwiftImage.xcodeproj */;
			proxyType = 2;
			remoteGlobalIDString = D6134AA21F85D1F9005592A2;
			remoteInfo = "SwiftImage-tvOS";
		};
		379FA3B923C960A100F30505 /* PBXContainerItemProxy */ = {
			isa = PBXContainerItemProxy;
			containerPortal = 379FA3A523C960A100F30505 /* SwiftImage.xcodeproj */;
			proxyType = 2;
			remoteGlobalIDString = D6134AAA1F85D1FA005592A2;
			remoteInfo = "SwiftImageTests-tvOS";
		};
		379FA3BB23C960A100F30505 /* PBXContainerItemProxy */ = {
			isa = PBXContainerItemProxy;
			containerPortal = 379FA3A523C960A100F30505 /* SwiftImage.xcodeproj */;
			proxyType = 2;
			remoteGlobalIDString = D6134AD21F85D800005592A2;
			remoteInfo = "SwiftImage-watchOS";
		};
/* End PBXContainerItemProxy section */

/* Begin PBXCopyFilesBuildPhase section */
		379FA38423C8B78C00F30505 /* CopyFiles */ = {
			isa = PBXCopyFilesBuildPhase;
			buildActionMask = 2147483647;
			dstPath = /usr/share/man/man1/;
			dstSubfolderSpec = 0;
			files = (
			);
			runOnlyForDeploymentPostprocessing = 1;
		};
/* End PBXCopyFilesBuildPhase section */

/* Begin PBXFileReference section */
		379FA38623C8B78C00F30505 /* sylvia */ = {isa = PBXFileReference; explicitFileType = "compiled.mach-o.executable"; includeInIndex = 0; path = sylvia; sourceTree = BUILT_PRODUCTS_DIR; };
		379FA38923C8B78C00F30505 /* main.swift */ = {isa = PBXFileReference; lastKnownFileType = sourcecode.swift; path = main.swift; sourceTree = "<group>"; };
		379FA39223C8BFEC00F30505 /* Spectrogram.swift */ = {isa = PBXFileReference; lastKnownFileType = sourcecode.swift; path = Spectrogram.swift; sourceTree = "<group>"; };
		379FA39423C8D88100F30505 /* DataLoader.swift */ = {isa = PBXFileReference; lastKnownFileType = sourcecode.swift; path = DataLoader.swift; sourceTree = "<group>"; };
		379FA39C23C8F32400F30505 /* Extensions.swift */ = {isa = PBXFileReference; lastKnownFileType = sourcecode.swift; path = Extensions.swift; sourceTree = "<group>"; };
		379FA39E23C8F35F00F30505 /* FFT.swift */ = {isa = PBXFileReference; lastKnownFileType = sourcecode.swift; path = FFT.swift; sourceTree = "<group>"; };
		379FA3A023C8F3A100F30505 /* Rescale.swift */ = {isa = PBXFileReference; lastKnownFileType = sourcecode.swift; path = Rescale.swift; sourceTree = "<group>"; };
		379FA3A523C960A100F30505 /* SwiftImage.xcodeproj */ = {isa = PBXFileReference; lastKnownFileType = "wrapper.pb-project"; path = SwiftImage.xcodeproj; sourceTree = "<group>"; };
		379FA3C323C9676400F30505 /* ImageUtils.swift */ = {isa = PBXFileReference; lastKnownFileType = sourcecode.swift; path = ImageUtils.swift; sourceTree = "<group>"; };
		379FA3C523CA7F8200F30505 /* ArgParser.swift */ = {isa = PBXFileReference; lastKnownFileType = sourcecode.swift; path = ArgParser.swift; sourceTree = "<group>"; };
/* End PBXFileReference section */

/* Begin PBXFrameworksBuildPhase section */
		379FA38323C8B78C00F30505 /* Frameworks */ = {
			isa = PBXFrameworksBuildPhase;
			buildActionMask = 2147483647;
			files = (
				379FA3C223C9612A00F30505 /* SwiftImage in Frameworks */,
			);
			runOnlyForDeploymentPostprocessing = 0;
		};
/* End PBXFrameworksBuildPhase section */

/* Begin PBXGroup section */
		379FA37D23C8B78C00F30505 = {
			isa = PBXGroup;
			children = (
				379FA3A023C8F3A100F30505 /* Rescale.swift */,
				379FA39C23C8F32400F30505 /* Extensions.swift */,
				379FA39E23C8F35F00F30505 /* FFT.swift */,
				379FA39423C8D88100F30505 /* DataLoader.swift */,
				379FA39223C8BFEC00F30505 /* Spectrogram.swift */,
				379FA3C523CA7F8200F30505 /* ArgParser.swift */,
				379FA3C323C9676400F30505 /* ImageUtils.swift */,
				379FA38823C8B78C00F30505 /* sylvia */,
				379FA38723C8B78C00F30505 /* Products */,
				379FA3A423C960A100F30505 /* Frameworks */,
			);
			sourceTree = "<group>";
		};
		379FA38723C8B78C00F30505 /* Products */ = {
			isa = PBXGroup;
			children = (
				379FA38623C8B78C00F30505 /* sylvia */,
			);
			name = Products;
			sourceTree = "<group>";
		};
		379FA38823C8B78C00F30505 /* sylvia */ = {
			isa = PBXGroup;
			children = (
				379FA38923C8B78C00F30505 /* main.swift */,
			);
			path = sylvia;
			sourceTree = "<group>";
		};
		379FA3A423C960A100F30505 /* Frameworks */ = {
			isa = PBXGroup;
			children = (
				379FA3A523C960A100F30505 /* SwiftImage.xcodeproj */,
			);
			name = Frameworks;
			sourceTree = "<group>";
		};
		379FA3A623C960A100F30505 /* Products */ = {
			isa = PBXGroup;
			children = (
				379FA3B023C960A100F30505 /* SwiftImage.framework */,
				379FA3B223C960A100F30505 /* SwiftImageTests-iOS.xctest */,
				379FA3B423C960A100F30505 /* SwiftImage.framework */,
				379FA3B623C960A100F30505 /* SwiftImageTests.xctest */,
				379FA3B823C960A100F30505 /* SwiftImage.framework */,
				379FA3BA23C960A100F30505 /* SwiftImageTests.xctest */,
				379FA3BC23C960A100F30505 /* SwiftImage.framework */,
			);
			name = Products;
			sourceTree = "<group>";
		};
/* End PBXGroup section */

/* Begin PBXNativeTarget section */
		379FA38523C8B78C00F30505 /* sylvia */ = {
			isa = PBXNativeTarget;
			buildConfigurationList = 379FA38D23C8B78C00F30505 /* Build configuration list for PBXNativeTarget "sylvia" */;
			buildPhases = (
				379FA38223C8B78C00F30505 /* Sources */,
				379FA38323C8B78C00F30505 /* Frameworks */,
				379FA38423C8B78C00F30505 /* CopyFiles */,
			);
			buildRules = (
			);
			dependencies = (
			);
			name = sylvia;
			packageProductDependencies = (
				379FA3C123C9612A00F30505 /* SwiftImage */,
			);
			productName = sylvia;
			productReference = 379FA38623C8B78C00F30505 /* sylvia */;
			productType = "com.apple.product-type.tool";
		};
/* End PBXNativeTarget section */

/* Begin PBXProject section */
		379FA37E23C8B78C00F30505 /* Project object */ = {
			isa = PBXProject;
			attributes = {
				LastSwiftUpdateCheck = 1130;
				LastUpgradeCheck = 1130;
				ORGANIZATIONNAME = "Dan Davison";
				TargetAttributes = {
					379FA38523C8B78C00F30505 = {
						CreatedOnToolsVersion = 11.3;
					};
				};
			};
			buildConfigurationList = 379FA38123C8B78C00F30505 /* Build configuration list for PBXProject "sylvia" */;
			compatibilityVersion = "Xcode 9.3";
			developmentRegion = en;
			hasScannedForEncodings = 0;
			knownRegions = (
				en,
				Base,
			);
			mainGroup = 379FA37D23C8B78C00F30505;
			packageReferences = (
				379FA3C023C9612A00F30505 /* XCRemoteSwiftPackageReference "swift-image" */,
			);
			productRefGroup = 379FA38723C8B78C00F30505 /* Products */;
			projectDirPath = "";
			projectReferences = (
				{
					ProductGroup = 379FA3A623C960A100F30505 /* Products */;
					ProjectRef = 379FA3A523C960A100F30505 /* SwiftImage.xcodeproj */;
				},
			);
			projectRoot = "";
			targets = (
				379FA38523C8B78C00F30505 /* sylvia */,
			);
		};
/* End PBXProject section */

/* Begin PBXReferenceProxy section */
		379FA3B023C960A100F30505 /* SwiftImage.framework */ = {
			isa = PBXReferenceProxy;
			fileType = wrapper.framework;
			path = SwiftImage.framework;
			remoteRef = 379FA3AF23C960A100F30505 /* PBXContainerItemProxy */;
			sourceTree = BUILT_PRODUCTS_DIR;
		};
		379FA3B223C960A100F30505 /* SwiftImageTests-iOS.xctest */ = {
			isa = PBXReferenceProxy;
			fileType = wrapper.cfbundle;
			path = "SwiftImageTests-iOS.xctest";
			remoteRef = 379FA3B123C960A100F30505 /* PBXContainerItemProxy */;
			sourceTree = BUILT_PRODUCTS_DIR;
		};
		379FA3B423C960A100F30505 /* SwiftImage.framework */ = {
			isa = PBXReferenceProxy;
			fileType = wrapper.framework;
			path = SwiftImage.framework;
			remoteRef = 379FA3B323C960A100F30505 /* PBXContainerItemProxy */;
			sourceTree = BUILT_PRODUCTS_DIR;
		};
		379FA3B623C960A100F30505 /* SwiftImageTests.xctest */ = {
			isa = PBXReferenceProxy;
			fileType = wrapper.cfbundle;
			path = SwiftImageTests.xctest;
			remoteRef = 379FA3B523C960A100F30505 /* PBXContainerItemProxy */;
			sourceTree = BUILT_PRODUCTS_DIR;
		};
		379FA3B823C960A100F30505 /* SwiftImage.framework */ = {
			isa = PBXReferenceProxy;
			fileType = wrapper.framework;
			path = SwiftImage.framework;
			remoteRef = 379FA3B723C960A100F30505 /* PBXContainerItemProxy */;
			sourceTree = BUILT_PRODUCTS_DIR;
		};
		379FA3BA23C960A100F30505 /* SwiftImageTests.xctest */ = {
			isa = PBXReferenceProxy;
			fileType = wrapper.cfbundle;
			path = SwiftImageTests.xctest;
			remoteRef = 379FA3B923C960A100F30505 /* PBXContainerItemProxy */;
			sourceTree = BUILT_PRODUCTS_DIR;
		};
		379FA3BC23C960A100F30505 /* SwiftImage.framework */ = {
			isa = PBXReferenceProxy;
			fileType = wrapper.framework;
			path = SwiftImage.framework;
			remoteRef = 379FA3BB23C960A100F30505 /* PBXContainerItemProxy */;
			sourceTree = BUILT_PRODUCTS_DIR;
		};
/* End PBXReferenceProxy section */

/* Begin PBXSourcesBuildPhase section */
		379FA38223C8B78C00F30505 /* Sources */ = {
			isa = PBXSourcesBuildPhase;
			buildActionMask = 2147483647;
			files = (
				379FA39D23C8F32400F30505 /* Extensions.swift in Sources */,
				379FA39523C8D88100F30505 /* DataLoader.swift in Sources */,
				379FA3A123C8F3A100F30505 /* Rescale.swift in Sources */,
				379FA39F23C8F35F00F30505 /* FFT.swift in Sources */,
				379FA38A23C8B78C00F30505 /* main.swift in Sources */,
				379FA39323C8BFEC00F30505 /* Spectrogram.swift in Sources */,
				379FA3C423C9676500F30505 /* ImageUtils.swift in Sources */,
				379FA3C623CA7F8200F30505 /* ArgParser.swift in Sources */,
			);
			runOnlyForDeploymentPostprocessing = 0;
		};
/* End PBXSourcesBuildPhase section */

/* Begin XCBuildConfiguration section */
		379FA38B23C8B78C00F30505 /* Debug */ = {
			isa = XCBuildConfiguration;
			buildSettings = {
				ALWAYS_SEARCH_USER_PATHS = NO;
				CLANG_ANALYZER_NONNULL = YES;
				CLANG_ANALYZER_NUMBER_OBJECT_CONVERSION = YES_AGGRESSIVE;
				CLANG_CXX_LANGUAGE_STANDARD = "gnu++14";
				CLANG_CXX_LIBRARY = "libc++";
				CLANG_ENABLE_MODULES = YES;
				CLANG_ENABLE_OBJC_ARC = YES;
				CLANG_ENABLE_OBJC_WEAK = YES;
				CLANG_WARN_BLOCK_CAPTURE_AUTORELEASING = YES;
				CLANG_WARN_BOOL_CONVERSION = YES;
				CLANG_WARN_COMMA = YES;
				CLANG_WARN_CONSTANT_CONVERSION = YES;
				CLANG_WARN_DEPRECATED_OBJC_IMPLEMENTATIONS = YES;
				CLANG_WARN_DIRECT_OBJC_ISA_USAGE = YES_ERROR;
				CLANG_WARN_DOCUMENTATION_COMMENTS = YES;
				CLANG_WARN_EMPTY_BODY = YES;
				CLANG_WARN_ENUM_CONVERSION = YES;
				CLANG_WARN_INFINITE_RECURSION = YES;
				CLANG_WARN_INT_CONVERSION = YES;
				CLANG_WARN_NON_LITERAL_NULL_CONVERSION = YES;
				CLANG_WARN_OBJC_IMPLICIT_RETAIN_SELF = YES;
				CLANG_WARN_OBJC_LITERAL_CONVERSION = YES;
				CLANG_WARN_OBJC_ROOT_CLASS = YES_ERROR;
				CLANG_WARN_RANGE_LOOP_ANALYSIS = YES;
				CLANG_WARN_STRICT_PROTOTYPES = YES;
				CLANG_WARN_SUSPICIOUS_MOVE = YES;
				CLANG_WARN_UNGUARDED_AVAILABILITY = YES_AGGRESSIVE;
				CLANG_WARN_UNREACHABLE_CODE = YES;
				CLANG_WARN__DUPLICATE_METHOD_MATCH = YES;
				COPY_PHASE_STRIP = NO;
				DEBUG_INFORMATION_FORMAT = dwarf;
				ENABLE_STRICT_OBJC_MSGSEND = YES;
				ENABLE_TESTABILITY = YES;
				GCC_C_LANGUAGE_STANDARD = gnu11;
				GCC_DYNAMIC_NO_PIC = NO;
				GCC_NO_COMMON_BLOCKS = YES;
				GCC_OPTIMIZATION_LEVEL = 0;
				GCC_PREPROCESSOR_DEFINITIONS = (
					"DEBUG=1",
					"$(inherited)",
				);
				GCC_WARN_64_TO_32_BIT_CONVERSION = YES;
				GCC_WARN_ABOUT_RETURN_TYPE = YES_ERROR;
				GCC_WARN_UNDECLARED_SELECTOR = YES;
				GCC_WARN_UNINITIALIZED_AUTOS = YES_AGGRESSIVE;
				GCC_WARN_UNUSED_FUNCTION = YES;
				GCC_WARN_UNUSED_VARIABLE = YES;
				MACOSX_DEPLOYMENT_TARGET = 10.14;
				MTL_ENABLE_DEBUG_INFO = INCLUDE_SOURCE;
				MTL_FAST_MATH = YES;
				ONLY_ACTIVE_ARCH = YES;
				SDKROOT = macosx;
				SWIFT_ACTIVE_COMPILATION_CONDITIONS = DEBUG;
				SWIFT_OPTIMIZATION_LEVEL = "-Onone";
			};
			name = Debug;
		};
		379FA38C23C8B78C00F30505 /* Release */ = {
			isa = XCBuildConfiguration;
			buildSettings = {
				ALWAYS_SEARCH_USER_PATHS = NO;
				CLANG_ANALYZER_NONNULL = YES;
				CLANG_ANALYZER_NUMBER_OBJECT_CONVERSION = YES_AGGRESSIVE;
				CLANG_CXX_LANGUAGE_STANDARD = "gnu++14";
				CLANG_CXX_LIBRARY = "libc++";
				CLANG_ENABLE_MODULES = YES;
				CLANG_ENABLE_OBJC_ARC = YES;
				CLANG_ENABLE_OBJC_WEAK = YES;
				CLANG_WARN_BLOCK_CAPTURE_AUTORELEASING = YES;
				CLANG_WARN_BOOL_CONVERSION = YES;
				CLANG_WARN_COMMA = YES;
				CLANG_WARN_CONSTANT_CONVERSION = YES;
				CLANG_WARN_DEPRECATED_OBJC_IMPLEMENTATIONS = YES;
				CLANG_WARN_DIRECT_OBJC_ISA_USAGE = YES_ERROR;
				CLANG_WARN_DOCUMENTATION_COMMENTS = YES;
				CLANG_WARN_EMPTY_BODY = YES;
				CLANG_WARN_ENUM_CONVERSION = YES;
				CLANG_WARN_INFINITE_RECURSION = YES;
				CLANG_WARN_INT_CONVERSION = YES;
				CLANG_WARN_NON_LITERAL_NULL_CONVERSION = YES;
				CLANG_WARN_OBJC_IMPLICIT_RETAIN_SELF = YES;
				CLANG_WARN_OBJC_LITERAL_CONVERSION = YES;
				CLANG_WARN_OBJC_ROOT_CLASS = YES_ERROR;
				CLANG_WARN_RANGE_LOOP_ANALYSIS = YES;
				CLANG_WARN_STRICT_PROTOTYPES = YES;
				CLANG_WARN_SUSPICIOUS_MOVE = YES;
				CLANG_WARN_UNGUARDED_AVAILABILITY = YES_AGGRESSIVE;
				CLANG_WARN_UNREACHABLE_CODE = YES;
				CLANG_WARN__DUPLICATE_METHOD_MATCH = YES;
				COPY_PHASE_STRIP = NO;
				DEBUG_INFORMATION_FORMAT = "dwarf-with-dsym";
				ENABLE_NS_ASSERTIONS = NO;
				ENABLE_STRICT_OBJC_MSGSEND = YES;
				GCC_C_LANGUAGE_STANDARD = gnu11;
				GCC_NO_COMMON_BLOCKS = YES;
				GCC_WARN_64_TO_32_BIT_CONVERSION = YES;
				GCC_WARN_ABOUT_RETURN_TYPE = YES_ERROR;
				GCC_WARN_UNDECLARED_SELECTOR = YES;
				GCC_WARN_UNINITIALIZED_AUTOS = YES_AGGRESSIVE;
				GCC_WARN_UNUSED_FUNCTION = YES;
				GCC_WARN_UNUSED_VARIABLE = YES;
				MACOSX_DEPLOYMENT_TARGET = 10.14;
				MTL_ENABLE_DEBUG_INFO = NO;
				MTL_FAST_MATH = YES;
				SDKROOT = macosx;
				SWIFT_COMPILATION_MODE = wholemodule;
				SWIFT_OPTIMIZATION_LEVEL = "-O";
			};
			name = Release;
		};
		379FA38E23C8B78C00F30505 /* Debug */ = {
			isa = XCBuildConfiguration;
			buildSettings = {
				CODE_SIGN_STYLE = Automatic;
				DEVELOPMENT_TEAM = Z649RMC53U;
				ENABLE_HARDENED_RUNTIME = YES;
				PRODUCT_NAME = "$(TARGET_NAME)";
				SWIFT_VERSION = 5.0;
			};
			name = Debug;
		};
		379FA38F23C8B78C00F30505 /* Release */ = {
			isa = XCBuildConfiguration;
			buildSettings = {
				CODE_SIGN_STYLE = Automatic;
				DEVELOPMENT_TEAM = Z649RMC53U;
				ENABLE_HARDENED_RUNTIME = YES;
				PRODUCT_NAME = "$(TARGET_NAME)";
				SWIFT_VERSION = 5.0;
			};
			name = Release;
		};
/* End XCBuildConfiguration section */

/* Begin XCConfigurationList section */
		379FA38123C8B78C00F30505 /* Build configuration list for PBXProject "sylvia" */ = {
			isa = XCConfigurationList;
			buildConfigurations = (
				379FA38B23C8B78C00F30505 /* Debug */,
				379FA38C23C8B78C00F30505 /* Release */,
			);
			defaultConfigurationIsVisible = 0;
			defaultConfigurationName = Release;
		};
		379FA38D23C8B78C00F30505 /* Build configuration list for PBXNativeTarget "sylvia" */ = {
			isa = XCConfigurationList;
			buildConfigurations = (
				379FA38E23C8B78C00F30505 /* Debug */,
				379FA38F23C8B78C00F30505 /* Release */,
			);
			defaultConfigurationIsVisible = 0;
			defaultConfigurationName = Release;
		};
/* End XCConfigurationList section */

/* Begin XCRemoteSwiftPackageReference section */
		379FA3C023C9612A00F30505 /* XCRemoteSwiftPackageReference "swift-image" */ = {
			isa = XCRemoteSwiftPackageReference;
			repositoryURL = "https://github.com/koher/swift-image";
			requirement = {
				kind = upToNextMajorVersion;
				minimumVersion = 0.7.0;
			};
		};
/* End XCRemoteSwiftPackageReference section */

/* Begin XCSwiftPackageProductDependency section */
		379FA3C123C9612A00F30505 /* SwiftImage */ = {
			isa = XCSwiftPackageProductDependency;
			package = 379FA3C023C9612A00F30505 /* XCRemoteSwiftPackageReference "swift-image" */;
			productName = SwiftImage;
		};
/* End XCSwiftPackageProductDependency section */
	};
	rootObject = 379FA37E23C8B78C00F30505 /* Project object */;
}
